
Microsoft Visual Studio Solution File, Format Version 12.00
# Visual Studio Version 16
VisualStudioVersion = 16.0.31019.35
MinimumVisualStudioVersion = 10.0.40219.1
Project("{FAE04EC0-301F-11D3-BF4B-00C04F79EFBC}") = "StacjaBenzynowaLibrary", "StacjaBenzynowaLibrary\StacjaBenzynowaLibrary.csproj", "{B44952FE-9DD7-4E62-BF56-85214372A7B4}"
EndProject
Project("{FAE04EC0-301F-11D3-BF4B-00C04F79EFBC}") = "StacjaBenzynowaMVVM", "StacjaBenzynowaMVVM\StacjaBenzynowaMVVM.csproj", "{8619455D-9D6B-4C56-B9D8-C8C5061F3340}"
EndProject
Global
	GlobalSection(SolutionConfigurationPlatforms) = preSolution
		Debug|Any CPU = Debug|Any CPU
		Release|Any CPU = Release|Any CPU
	EndGlobalSection
	GlobalSection(ProjectConfigurationPlatforms) = postSolution
		{B44952FE-9DD7-4E62-BF56-85214372A7B4}.Debug|Any CPU.ActiveCfg = Debug|Any CPU
		{B44952FE-9DD7-4E62-BF56-85214372A7B4}.Debug|Any CPU.Build.0 = Debug|Any CPU
		{B44952FE-9DD7-4E62-BF56-85214372A7B4}.Release|Any CPU.ActiveCfg = Release|Any CPU
		{B44952FE-9DD7-4E62-BF56-85214372A7B4}.Release|Any CPU.Build.0 = Release|Any CPU
		{8619455D-9D6B-4C56-B9D8-C8C5061F3340}.Debug|Any CPU.ActiveCfg = Debug|Any CPU
		{8619455D-9D6B-4C56-B9D8-C8C5061F3340}.Debug|Any CPU.Build.0 = Debug|Any CPU
		{8619455D-9D6B-4C56-B9D8-C8C5061F3340}.Release|Any CPU.ActiveCfg = Release|Any CPU
		{8619455D-9D6B-4C56-B9D8-C8C5061F3340}.Release|Any CPU.Build.0 = Release|Any CPU
	EndGlobalSection
	GlobalSection(SolutionProperties) = preSolution
		HideSolutionNode = FALSE
	EndGlobalSection
	GlobalSection(ExtensibilityGlobals) = postSolution
		SolutionGuid = {A33E5F35-97D5-41C5-89D8-0EC95C018C11}
	EndGlobalSection
EndGlobal
